
Microsoft Visual Studio Solution File, Format Version 12.00
# Visual Studio Version 17
VisualStudioVersion = 17.14.37012.4 d17.14
MinimumVisualStudioVersion = 10.0.40219.1
Project("{FAE04EC0-301F-11D3-BF4B-00C04F79EFBC}") = "StarshipSimulation.Server", "StarshipSimulation.Server\StarshipSimulation.Server.csproj", "{2DBB5944-A8DF-4836-9DF4-3677867F4357}"
EndProject
Project("{FAE04EC0-301F-11D3-BF4B-00C04F79EFBC}") = "StarshipSimulation.Renderer", "StarshipSimulation.Renderer\StarshipSimulation.Renderer.csproj", "{9CE6A5ED-A8E3-4B99-982C-371E3ABAACE9}"
EndProject
Project("{FAE04EC0-301F-11D3-BF4B-00C04F79EFBC}") = "StarshipSimulationShared", "StarshipSimulationShared\StarshipSimulationShared.csproj", "{326944F1-20FF-4684-AFFF-6AE23B244E40}"
EndProject
Global
	GlobalSection(SolutionConfigurationPlatforms) = preSolution
		Debug|Any CPU = Debug|Any CPU
		Release|Any CPU = Release|Any CPU
	EndGlobalSection
	GlobalSection(ProjectConfigurationPlatforms) = postSolution
		{2DBB5944-A8DF-4836-9DF4-3677867F4357}.Debug|Any CPU.ActiveCfg = Debug|Any CPU
		{2DBB5944-A8DF-4836-9DF4-3677867F4357}.Debug|Any CPU.Build.0 = Debug|Any CPU
		{2DBB5944-A8DF-4836-9DF4-3677867F4357}.Release|Any CPU.ActiveCfg = Release|Any CPU
		{2DBB5944-A8DF-4836-9DF4-3677867F4357}.Release|Any CPU.Build.0 = Release|Any CPU
		{9CE6A5ED-A8E3-4B99-982C-371E3ABAACE9}.Debug|Any CPU.ActiveCfg = Debug|Any CPU
		{9CE6A5ED-A8E3-4B99-982C-371E3ABAACE9}.Debug|Any CPU.Build.0 = Debug|Any CPU
		{9CE6A5ED-A8E3-4B99-982C-371E3ABAACE9}.Release|Any CPU.ActiveCfg = Release|Any CPU
		{9CE6A5ED-A8E3-4B99-982C-371E3ABAACE9}.Release|Any CPU.Build.0 = Release|Any CPU
		{326944F1-20FF-4684-AFFF-6AE23B244E40}.Debug|Any CPU.ActiveCfg = Debug|Any CPU
		{326944F1-20FF-4684-AFFF-6AE23B244E40}.Debug|Any CPU.Build.0 = Debug|Any CPU
		{326944F1-20FF-4684-AFFF-6AE23B244E40}.Release|Any CPU.ActiveCfg = Release|Any CPU
		{326944F1-20FF-4684-AFFF-6AE23B244E40}.Release|Any CPU.Build.0 = Release|Any CPU
	EndGlobalSection
	GlobalSection(SolutionProperties) = preSolution
		HideSolutionNode = FALSE
	EndGlobalSection
	GlobalSection(ExtensibilityGlobals) = postSolution
		SolutionGuid = {6229EA3B-6CED-4B84-AE80-A9742707A2EE}
	EndGlobalSection
EndGlobal
